
Microsoft Visual Studio Solution File, Format Version 12.00
# Visual Studio Version 17
VisualStudioVersion = 17.3.32825.248
MinimumVisualStudioVersion = 10.0.40219.1
Project("{FAE04EC0-301F-11D3-BF4B-00C04F79EFBC}") = "Calculator", "Calculator\Calculator.csproj", "{AB781B9E-C4E0-4E8B-9D49-BA4C296161E9}"
EndProject
Global
	GlobalSection(SolutionConfigurationPlatforms) = preSolution
		Debug|Any CPU = Debug|Any CPU
		Release|Any CPU = Release|Any CPU
	EndGlobalSection
	GlobalSection(ProjectConfigurationPlatforms) = postSolution
		{AB781B9E-C4E0-4E8B-9D49-BA4C296161E9}.Debug|Any CPU.ActiveCfg = Debug|Any CPU
		{AB781B9E-C4E0-4E8B-9D49-BA4C296161E9}.Debug|Any CPU.Build.0 = Debug|Any CPU
		{AB781B9E-C4E0-4E8B-9D49-BA4C296161E9}.Release|Any CPU.ActiveCfg = Release|Any CPU
		{AB781B9E-C4E0-4E8B-9D49-BA4C296161E9}.Release|Any CPU.Build.0 = Release|Any CPU
	EndGlobalSection
	GlobalSection(SolutionProperties) = preSolution
		HideSolutionNode = FALSE
	EndGlobalSection
	GlobalSection(ExtensibilityGlobals) = postSolution
		SolutionGuid = {781F422F-8309-494C-9F6D-E484C9AAEAF3}
	EndGlobalSection
EndGlobal
